// !$*UTF8*$!
{
	archiveVersion = 1;
	classes = {
	};
	objectVersion = 50;
	objects = {

/* Begin PBXBuildFile section */
		0A305C34217A53D9006C0781 /* VenueTests.swift in Sources */ = {isa = PBXBuildFile; fileRef = 0A305C33217A53D9006C0781 /* VenueTests.swift */; };
		0A305C36217A5AB2006C0781 /* PerformerTests.swift in Sources */ = {isa = PBXBuildFile; fileRef = 0A305C35217A5AB2006C0781 /* PerformerTests.swift */; };
		0A305C38217A5D0F006C0781 /* EventTests.swift in Sources */ = {isa = PBXBuildFile; fileRef = 0A305C37217A5D0F006C0781 /* EventTests.swift */; };
		0A305C3A217A6459006C0781 /* mock_search_response.json in Resources */ = {isa = PBXBuildFile; fileRef = 0A305C39217A6459006C0781 /* mock_search_response.json */; };
		0A305C3C217A6C0A006C0781 /* NetworkHandlerTests.swift in Sources */ = {isa = PBXBuildFile; fileRef = 0A305C3B217A6C0A006C0781 /* NetworkHandlerTests.swift */; };
		0A305C3E217A7154006C0781 /* image.png in Resources */ = {isa = PBXBuildFile; fileRef = 0A305C3D217A7154006C0781 /* image.png */; };
		0A452F4421766738003107B1 /* AppDelegate.swift in Sources */ = {isa = PBXBuildFile; fileRef = 0A452F4321766738003107B1 /* AppDelegate.swift */; };
		0A452F4621766739003107B1 /* EventListTableViewController.swift in Sources */ = {isa = PBXBuildFile; fileRef = 0A452F4521766739003107B1 /* EventListTableViewController.swift */; };
		0A452F4921766739003107B1 /* Main.storyboard in Resources */ = {isa = PBXBuildFile; fileRef = 0A452F4721766739003107B1 /* Main.storyboard */; };
		0A452F4B21766739003107B1 /* Assets.xcassets in Resources */ = {isa = PBXBuildFile; fileRef = 0A452F4A21766739003107B1 /* Assets.xcassets */; };
		0A452F4E21766739003107B1 /* LaunchScreen.storyboard in Resources */ = {isa = PBXBuildFile; fileRef = 0A452F4C21766739003107B1 /* LaunchScreen.storyboard */; };
		0A452F6421766739003107B1 /* EventSearchUITests.swift in Sources */ = {isa = PBXBuildFile; fileRef = 0A452F6321766739003107B1 /* EventSearchUITests.swift */; };
		0A452F7221766B12003107B1 /* NetworkHandler.swift in Sources */ = {isa = PBXBuildFile; fileRef = 0A452F7121766B12003107B1 /* NetworkHandler.swift */; };
		0A452F7421768CA1003107B1 /* EventTableViewCell.swift in Sources */ = {isa = PBXBuildFile; fileRef = 0A452F7321768CA1003107B1 /* EventTableViewCell.swift */; };
		0A452F762176E7F2003107B1 /* EventViewController.swift in Sources */ = {isa = PBXBuildFile; fileRef = 0A452F752176E7F2003107B1 /* EventViewController.swift */; };
		0AD9374D21783EAC0030A10A /* Favorites.swift in Sources */ = {isa = PBXBuildFile; fileRef = 0AD9374C21783EAC0030A10A /* Favorites.swift */; };
		0AD9374F217845420030A10A /* EventViewModel.swift in Sources */ = {isa = PBXBuildFile; fileRef = 0AD9374E217845420030A10A /* EventViewModel.swift */; };
		0AD937512178D06A0030A10A /* Event.swift in Sources */ = {isa = PBXBuildFile; fileRef = 0AD937502178D06A0030A10A /* Event.swift */; };
		0AD937532178D0750030A10A /* Performer.swift in Sources */ = {isa = PBXBuildFile; fileRef = 0AD937522178D0750030A10A /* Performer.swift */; };
		0AD937552178D07B0030A10A /* Venue.swift in Sources */ = {isa = PBXBuildFile; fileRef = 0AD937542178D07B0030A10A /* Venue.swift */; };
		13EADDEF7E78C6CE8A85FC52 /* Pods_EventSearchTests.framework in Frameworks */ = {isa = PBXBuildFile; fileRef = D639C545DC5798B1C3BB104D /* Pods_EventSearchTests.framework */; };
		965B8C36B125F776DF75CDC6 /* Pods_EventSearchUITests.framework in Frameworks */ = {isa = PBXBuildFile; fileRef = 11CC1CDBBEB74F23D0729FF8 /* Pods_EventSearchUITests.framework */; };
		B867A38BF06D1CC303FCABE4 /* Pods_EventSearch.framework in Frameworks */ = {isa = PBXBuildFile; fileRef = F127B48059EFEE760373BE30 /* Pods_EventSearch.framework */; };
/* End PBXBuildFile section */

/* Begin PBXContainerItemProxy section */
		0A452F5521766739003107B1 /* PBXContainerItemProxy */ = {
			isa = PBXContainerItemProxy;
			containerPortal = 0A452F3821766738003107B1 /* Project object */;
			proxyType = 1;
			remoteGlobalIDString = 0A452F3F21766738003107B1;
			remoteInfo = EventSearch;
		};
		0A452F6021766739003107B1 /* PBXContainerItemProxy */ = {
			isa = PBXContainerItemProxy;
			containerPortal = 0A452F3821766738003107B1 /* Project object */;
			proxyType = 1;
			remoteGlobalIDString = 0A452F3F21766738003107B1;
			remoteInfo = EventSearch;
		};
/* End PBXContainerItemProxy section */

/* Begin PBXFileReference section */
		0A305C33217A53D9006C0781 /* VenueTests.swift */ = {isa = PBXFileReference; lastKnownFileType = sourcecode.swift; path = VenueTests.swift; sourceTree = "<group>"; };
		0A305C35217A5AB2006C0781 /* PerformerTests.swift */ = {isa = PBXFileReference; lastKnownFileType = sourcecode.swift; path = PerformerTests.swift; sourceTree = "<group>"; };
		0A305C37217A5D0F006C0781 /* EventTests.swift */ = {isa = PBXFileReference; lastKnownFileType = sourcecode.swift; path = EventTests.swift; sourceTree = "<group>"; };
		0A305C39217A6459006C0781 /* mock_search_response.json */ = {isa = PBXFileReference; lastKnownFileType = text.json; path = mock_search_response.json; sourceTree = "<group>"; };
		0A305C3B217A6C0A006C0781 /* NetworkHandlerTests.swift */ = {isa = PBXFileReference; lastKnownFileType = sourcecode.swift; path = NetworkHandlerTests.swift; sourceTree = "<group>"; };
		0A305C3D217A7154006C0781 /* image.png */ = {isa = PBXFileReference; lastKnownFileType = image.png; name = image.png; path = ../../../../Desktop/image.png; sourceTree = "<group>"; };
		0A452F4021766738003107B1 /* EventSearch.app */ = {isa = PBXFileReference; explicitFileType = wrapper.application; includeInIndex = 0; path = EventSearch.app; sourceTree = BUILT_PRODUCTS_DIR; };
		0A452F4321766738003107B1 /* AppDelegate.swift */ = {isa = PBXFileReference; lastKnownFileType = sourcecode.swift; path = AppDelegate.swift; sourceTree = "<group>"; };
		0A452F4521766739003107B1 /* EventListTableViewController.swift */ = {isa = PBXFileReference; lastKnownFileType = sourcecode.swift; path = EventListTableViewController.swift; sourceTree = "<group>"; };
		0A452F4821766739003107B1 /* Base */ = {isa = PBXFileReference; lastKnownFileType = file.storyboard; name = Base; path = Base.lproj/Main.storyboard; sourceTree = "<group>"; };
		0A452F4A21766739003107B1 /* Assets.xcassets */ = {isa = PBXFileReference; lastKnownFileType = folder.assetcatalog; path = Assets.xcassets; sourceTree = "<group>"; };
		0A452F4D21766739003107B1 /* Base */ = {isa = PBXFileReference; lastKnownFileType = file.storyboard; name = Base; path = Base.lproj/LaunchScreen.storyboard; sourceTree = "<group>"; };
		0A452F4F21766739003107B1 /* Info.plist */ = {isa = PBXFileReference; lastKnownFileType = text.plist.xml; path = Info.plist; sourceTree = "<group>"; };
		0A452F5421766739003107B1 /* EventSearchTests.xctest */ = {isa = PBXFileReference; explicitFileType = wrapper.cfbundle; includeInIndex = 0; path = EventSearchTests.xctest; sourceTree = BUILT_PRODUCTS_DIR; };
		0A452F5A21766739003107B1 /* Info.plist */ = {isa = PBXFileReference; lastKnownFileType = text.plist.xml; path = Info.plist; sourceTree = "<group>"; };
		0A452F5F21766739003107B1 /* EventSearchUITests.xctest */ = {isa = PBXFileReference; explicitFileType = wrapper.cfbundle; includeInIndex = 0; path = EventSearchUITests.xctest; sourceTree = BUILT_PRODUCTS_DIR; };
		0A452F6321766739003107B1 /* EventSearchUITests.swift */ = {isa = PBXFileReference; lastKnownFileType = sourcecode.swift; path = EventSearchUITests.swift; sourceTree = "<group>"; };
		0A452F6521766739003107B1 /* Info.plist */ = {isa = PBXFileReference; lastKnownFileType = text.plist.xml; path = Info.plist; sourceTree = "<group>"; };
		0A452F7121766B12003107B1 /* NetworkHandler.swift */ = {isa = PBXFileReference; lastKnownFileType = sourcecode.swift; path = NetworkHandler.swift; sourceTree = "<group>"; };
		0A452F7321768CA1003107B1 /* EventTableViewCell.swift */ = {isa = PBXFileReference; lastKnownFileType = sourcecode.swift; path = EventTableViewCell.swift; sourceTree = "<group>"; };
		0A452F752176E7F2003107B1 /* EventViewController.swift */ = {isa = PBXFileReference; lastKnownFileType = sourcecode.swift; path = EventViewController.swift; sourceTree = "<group>"; };
		0AD9374C21783EAC0030A10A /* Favorites.swift */ = {isa = PBXFileReference; lastKnownFileType = sourcecode.swift; path = Favorites.swift; sourceTree = "<group>"; };
		0AD9374E217845420030A10A /* EventViewModel.swift */ = {isa = PBXFileReference; lastKnownFileType = sourcecode.swift; path = EventViewModel.swift; sourceTree = "<group>"; };
		0AD937502178D06A0030A10A /* Event.swift */ = {isa = PBXFileReference; lastKnownFileType = sourcecode.swift; path = Event.swift; sourceTree = "<group>"; };
		0AD937522178D0750030A10A /* Performer.swift */ = {isa = PBXFileReference; lastKnownFileType = sourcecode.swift; path = Performer.swift; sourceTree = "<group>"; };
		0AD937542178D07B0030A10A /* Venue.swift */ = {isa = PBXFileReference; lastKnownFileType = sourcecode.swift; path = Venue.swift; sourceTree = "<group>"; };
		11CC1CDBBEB74F23D0729FF8 /* Pods_EventSearchUITests.framework */ = {isa = PBXFileReference; explicitFileType = wrapper.framework; includeInIndex = 0; path = Pods_EventSearchUITests.framework; sourceTree = BUILT_PRODUCTS_DIR; };
		19E11AF61943D61892778530 /* Pods-EventSearchUITests.debug.xcconfig */ = {isa = PBXFileReference; includeInIndex = 1; lastKnownFileType = text.xcconfig; name = "Pods-EventSearchUITests.debug.xcconfig"; path = "Pods/Target Support Files/Pods-EventSearchUITests/Pods-EventSearchUITests.debug.xcconfig"; sourceTree = "<group>"; };
		2180D8AF4E615F7990B17D99 /* Pods-EventSearchTests.debug.xcconfig */ = {isa = PBXFileReference; includeInIndex = 1; lastKnownFileType = text.xcconfig; name = "Pods-EventSearchTests.debug.xcconfig"; path = "Pods/Target Support Files/Pods-EventSearchTests/Pods-EventSearchTests.debug.xcconfig"; sourceTree = "<group>"; };
		D639C545DC5798B1C3BB104D /* Pods_EventSearchTests.framework */ = {isa = PBXFileReference; explicitFileType = wrapper.framework; includeInIndex = 0; path = Pods_EventSearchTests.framework; sourceTree = BUILT_PRODUCTS_DIR; };
		E02077136DA68E95C3DD91DF /* Pods-EventSearchTests.release.xcconfig */ = {isa = PBXFileReference; includeInIndex = 1; lastKnownFileType = text.xcconfig; name = "Pods-EventSearchTests.release.xcconfig"; path = "Pods/Target Support Files/Pods-EventSearchTests/Pods-EventSearchTests.release.xcconfig"; sourceTree = "<group>"; };
		EC26B9C632D767379BA0B888 /* Pods-EventSearch.release.xcconfig */ = {isa = PBXFileReference; includeInIndex = 1; lastKnownFileType = text.xcconfig; name = "Pods-EventSearch.release.xcconfig"; path = "Pods/Target Support Files/Pods-EventSearch/Pods-EventSearch.release.xcconfig"; sourceTree = "<group>"; };
		F127B48059EFEE760373BE30 /* Pods_EventSearch.framework */ = {isa = PBXFileReference; explicitFileType = wrapper.framework; includeInIndex = 0; path = Pods_EventSearch.framework; sourceTree = BUILT_PRODUCTS_DIR; };
		F9162A8171AE70CD85C1A77C /* Pods-EventSearchUITests.release.xcconfig */ = {isa = PBXFileReference; includeInIndex = 1; lastKnownFileType = text.xcconfig; name = "Pods-EventSearchUITests.release.xcconfig"; path = "Pods/Target Support Files/Pods-EventSearchUITests/Pods-EventSearchUITests.release.xcconfig"; sourceTree = "<group>"; };
		FA9504C926A44C9094D047AD /* Pods-EventSearch.debug.xcconfig */ = {isa = PBXFileReference; includeInIndex = 1; lastKnownFileType = text.xcconfig; name = "Pods-EventSearch.debug.xcconfig"; path = "Pods/Target Support Files/Pods-EventSearch/Pods-EventSearch.debug.xcconfig"; sourceTree = "<group>"; };
/* End PBXFileReference section */

/* Begin PBXFrameworksBuildPhase section */
		0A452F3D21766738003107B1 /* Frameworks */ = {
			isa = PBXFrameworksBuildPhase;
			buildActionMask = 2147483647;
			files = (
				B867A38BF06D1CC303FCABE4 /* Pods_EventSearch.framework in Frameworks */,
			);
			runOnlyForDeploymentPostprocessing = 0;
		};
		0A452F5121766739003107B1 /* Frameworks */ = {
			isa = PBXFrameworksBuildPhase;
			buildActionMask = 2147483647;
			files = (
				13EADDEF7E78C6CE8A85FC52 /* Pods_EventSearchTests.framework in Frameworks */,
			);
			runOnlyForDeploymentPostprocessing = 0;
		};
		0A452F5C21766739003107B1 /* Frameworks */ = {
			isa = PBXFrameworksBuildPhase;
			buildActionMask = 2147483647;
			files = (
				965B8C36B125F776DF75CDC6 /* Pods_EventSearchUITests.framework in Frameworks */,
			);
			runOnlyForDeploymentPostprocessing = 0;
		};
/* End PBXFrameworksBuildPhase section */

/* Begin PBXGroup section */
		0A452F3721766738003107B1 = {
			isa = PBXGroup;
			children = (
				0A452F4221766738003107B1 /* EventSearch */,
				0A452F5721766739003107B1 /* EventSearchTests */,
				0A452F6221766739003107B1 /* EventSearchUITests */,
				0A452F4121766738003107B1 /* Products */,
				308000929FD7B2387741588B /* Pods */,
				56827A23A1A848FA61E00F61 /* Frameworks */,
			);
			sourceTree = "<group>";
		};
		0A452F4121766738003107B1 /* Products */ = {
			isa = PBXGroup;
			children = (
				0A452F4021766738003107B1 /* EventSearch.app */,
				0A452F5421766739003107B1 /* EventSearchTests.xctest */,
				0A452F5F21766739003107B1 /* EventSearchUITests.xctest */,
			);
			name = Products;
			sourceTree = "<group>";
		};
		0A452F4221766738003107B1 /* EventSearch */ = {
			isa = PBXGroup;
			children = (
				0A452F4321766738003107B1 /* AppDelegate.swift */,
				0A452F4521766739003107B1 /* EventListTableViewController.swift */,
				0A452F752176E7F2003107B1 /* EventViewController.swift */,
				0A452F7321768CA1003107B1 /* EventTableViewCell.swift */,
				0AD9374E217845420030A10A /* EventViewModel.swift */,
				0A452F7121766B12003107B1 /* NetworkHandler.swift */,
				0AD937502178D06A0030A10A /* Event.swift */,
				0AD937522178D0750030A10A /* Performer.swift */,
				0AD937542178D07B0030A10A /* Venue.swift */,
				0AD9374C21783EAC0030A10A /* Favorites.swift */,
				0A452F4721766739003107B1 /* Main.storyboard */,
				0A452F4A21766739003107B1 /* Assets.xcassets */,
				0A452F4C21766739003107B1 /* LaunchScreen.storyboard */,
				0A452F4F21766739003107B1 /* Info.plist */,
			);
			path = EventSearch;
			sourceTree = "<group>";
		};
		0A452F5721766739003107B1 /* EventSearchTests */ = {
			isa = PBXGroup;
			children = (
				0A305C33217A53D9006C0781 /* VenueTests.swift */,
				0A305C35217A5AB2006C0781 /* PerformerTests.swift */,
				0A305C37217A5D0F006C0781 /* EventTests.swift */,
				0A305C3B217A6C0A006C0781 /* NetworkHandlerTests.swift */,
				0A305C39217A6459006C0781 /* mock_search_response.json */,
				0A305C3D217A7154006C0781 /* image.png */,
				0A452F5A21766739003107B1 /* Info.plist */,
			);
			path = EventSearchTests;
			sourceTree = "<group>";
		};
		0A452F6221766739003107B1 /* EventSearchUITests */ = {
			isa = PBXGroup;
			children = (
				0A452F6321766739003107B1 /* EventSearchUITests.swift */,
				0A452F6521766739003107B1 /* Info.plist */,
			);
			path = EventSearchUITests;
			sourceTree = "<group>";
		};
		308000929FD7B2387741588B /* Pods */ = {
			isa = PBXGroup;
			children = (
				FA9504C926A44C9094D047AD /* Pods-EventSearch.debug.xcconfig */,
				EC26B9C632D767379BA0B888 /* Pods-EventSearch.release.xcconfig */,
				2180D8AF4E615F7990B17D99 /* Pods-EventSearchTests.debug.xcconfig */,
				E02077136DA68E95C3DD91DF /* Pods-EventSearchTests.release.xcconfig */,
				19E11AF61943D61892778530 /* Pods-EventSearchUITests.debug.xcconfig */,
				F9162A8171AE70CD85C1A77C /* Pods-EventSearchUITests.release.xcconfig */,
			);
			name = Pods;
			sourceTree = "<group>";
		};
		56827A23A1A848FA61E00F61 /* Frameworks */ = {
			isa = PBXGroup;
			children = (
				F127B48059EFEE760373BE30 /* Pods_EventSearch.framework */,
				D639C545DC5798B1C3BB104D /* Pods_EventSearchTests.framework */,
				11CC1CDBBEB74F23D0729FF8 /* Pods_EventSearchUITests.framework */,
			);
			name = Frameworks;
			sourceTree = "<group>";
		};
/* End PBXGroup section */

/* Begin PBXNativeTarget section */
		0A452F3F21766738003107B1 /* EventSearch */ = {
			isa = PBXNativeTarget;
			buildConfigurationList = 0A452F6821766739003107B1 /* Build configuration list for PBXNativeTarget "EventSearch" */;
			buildPhases = (
				2F86FD76814ED63479F3A8E3 /* [CP] Check Pods Manifest.lock */,
				0A452F3C21766738003107B1 /* Sources */,
				0A452F3D21766738003107B1 /* Frameworks */,
				0A452F3E21766738003107B1 /* Resources */,
				D6210804BDA96DBA651FB5C9 /* [CP] Embed Pods Frameworks */,
			);
			buildRules = (
			);
			dependencies = (
			);
			name = EventSearch;
			productName = EventSearch;
			productReference = 0A452F4021766738003107B1 /* EventSearch.app */;
			productType = "com.apple.product-type.application";
		};
		0A452F5321766739003107B1 /* EventSearchTests */ = {
			isa = PBXNativeTarget;
			buildConfigurationList = 0A452F6B21766739003107B1 /* Build configuration list for PBXNativeTarget "EventSearchTests" */;
			buildPhases = (
				F9B20EE6AD50F8EF61E62DA7 /* [CP] Check Pods Manifest.lock */,
				0A452F5021766739003107B1 /* Sources */,
				0A452F5121766739003107B1 /* Frameworks */,
				0A452F5221766739003107B1 /* Resources */,
				3FB5E1CC55B1290072EB8E5D /* [CP] Embed Pods Frameworks */,
			);
			buildRules = (
			);
			dependencies = (
				0A452F5621766739003107B1 /* PBXTargetDependency */,
			);
			name = EventSearchTests;
			productName = EventSearchTests;
			productReference = 0A452F5421766739003107B1 /* EventSearchTests.xctest */;
			productType = "com.apple.product-type.bundle.unit-test";
		};
		0A452F5E21766739003107B1 /* EventSearchUITests */ = {
			isa = PBXNativeTarget;
			buildConfigurationList = 0A452F6E21766739003107B1 /* Build configuration list for PBXNativeTarget "EventSearchUITests" */;
			buildPhases = (
				DAF132A07B731A8063AE69DB /* [CP] Check Pods Manifest.lock */,
				0A452F5B21766739003107B1 /* Sources */,
				0A452F5C21766739003107B1 /* Frameworks */,
				0A452F5D21766739003107B1 /* Resources */,
			);
			buildRules = (
			);
			dependencies = (
				0A452F6121766739003107B1 /* PBXTargetDependency */,
			);
			name = EventSearchUITests;
			productName = EventSearchUITests;
			productReference = 0A452F5F21766739003107B1 /* EventSearchUITests.xctest */;
			productType = "com.apple.product-type.bundle.ui-testing";
		};
/* End PBXNativeTarget section */

/* Begin PBXProject section */
		0A452F3821766738003107B1 /* Project object */ = {
			isa = PBXProject;
			attributes = {
				LastSwiftUpdateCheck = 0940;
				LastUpgradeCheck = 0940;
				ORGANIZATIONNAME = "Kevin Kinney";
				TargetAttributes = {
					0A452F3F21766738003107B1 = {
						CreatedOnToolsVersion = 9.4.1;
					};
					0A452F5321766739003107B1 = {
						CreatedOnToolsVersion = 9.4.1;
						TestTargetID = 0A452F3F21766738003107B1;
					};
					0A452F5E21766739003107B1 = {
						CreatedOnToolsVersion = 9.4.1;
						TestTargetID = 0A452F3F21766738003107B1;
					};
				};
			};
			buildConfigurationList = 0A452F3B21766738003107B1 /* Build configuration list for PBXProject "EventSearch" */;
			compatibilityVersion = "Xcode 9.3";
			developmentRegion = en;
			hasScannedForEncodings = 0;
			knownRegions = (
				en,
				Base,
			);
			mainGroup = 0A452F3721766738003107B1;
			productRefGroup = 0A452F4121766738003107B1 /* Products */;
			projectDirPath = "";
			projectRoot = "";
			targets = (
				0A452F3F21766738003107B1 /* EventSearch */,
				0A452F5321766739003107B1 /* EventSearchTests */,
				0A452F5E21766739003107B1 /* EventSearchUITests */,
			);
		};
/* End PBXProject section */

/* Begin PBXResourcesBuildPhase section */
		0A452F3E21766738003107B1 /* Resources */ = {
			isa = PBXResourcesBuildPhase;
			buildActionMask = 2147483647;
			files = (
				0A452F4E21766739003107B1 /* LaunchScreen.storyboard in Resources */,
				0A452F4B21766739003107B1 /* Assets.xcassets in Resources */,
				0A452F4921766739003107B1 /* Main.storyboard in Resources */,
			);
			runOnlyForDeploymentPostprocessing = 0;
		};
		0A452F5221766739003107B1 /* Resources */ = {
			isa = PBXResourcesBuildPhase;
			buildActionMask = 2147483647;
			files = (
				0A305C3A217A6459006C0781 /* mock_search_response.json in Resources */,
				0A305C3E217A7154006C0781 /* image.png in Resources */,
			);
			runOnlyForDeploymentPostprocessing = 0;
		};
		0A452F5D21766739003107B1 /* Resources */ = {
			isa = PBXResourcesBuildPhase;
			buildActionMask = 2147483647;
			files = (
			);
			runOnlyForDeploymentPostprocessing = 0;
		};
/* End PBXResourcesBuildPhase section */

/* Begin PBXShellScriptBuildPhase section */
		2F86FD76814ED63479F3A8E3 /* [CP] Check Pods Manifest.lock */ = {
			isa = PBXShellScriptBuildPhase;
			buildActionMask = 2147483647;
			files = (
			);
			inputPaths = (
				"${PODS_PODFILE_DIR_PATH}/Podfile.lock",
				"${PODS_ROOT}/Manifest.lock",
			);
			name = "[CP] Check Pods Manifest.lock";
			outputPaths = (
				"$(DERIVED_FILE_DIR)/Pods-EventSearch-checkManifestLockResult.txt",
			);
			runOnlyForDeploymentPostprocessing = 0;
			shellPath = /bin/sh;
			shellScript = "diff \"${PODS_PODFILE_DIR_PATH}/Podfile.lock\" \"${PODS_ROOT}/Manifest.lock\" > /dev/null\nif [ $? != 0 ] ; then\n    # print error to STDERR\n    echo \"error: The sandbox is not in sync with the Podfile.lock. Run 'pod install' or update your CocoaPods installation.\" >&2\n    exit 1\nfi\n# This output is used by Xcode 'outputs' to avoid re-running this script phase.\necho \"SUCCESS\" > \"${SCRIPT_OUTPUT_FILE_0}\"\n";
			showEnvVarsInLog = 0;
		};
		3FB5E1CC55B1290072EB8E5D /* [CP] Embed Pods Frameworks */ = {
			isa = PBXShellScriptBuildPhase;
			buildActionMask = 2147483647;
			files = (
			);
			inputPaths = (
				"${SRCROOT}/Pods/Target Support Files/Pods-EventSearchTests/Pods-EventSearchTests-frameworks.sh",
				"${BUILT_PRODUCTS_DIR}/BrightFutures/BrightFutures.framework",
				"${BUILT_PRODUCTS_DIR}/Result/Result.framework",
			);
			name = "[CP] Embed Pods Frameworks";
			outputPaths = (
				"${TARGET_BUILD_DIR}/${FRAMEWORKS_FOLDER_PATH}/BrightFutures.framework",
				"${TARGET_BUILD_DIR}/${FRAMEWORKS_FOLDER_PATH}/Result.framework",
			);
			runOnlyForDeploymentPostprocessing = 0;
			shellPath = /bin/sh;
			shellScript = "\"${SRCROOT}/Pods/Target Support Files/Pods-EventSearchTests/Pods-EventSearchTests-frameworks.sh\"\n";
			showEnvVarsInLog = 0;
		};
		D6210804BDA96DBA651FB5C9 /* [CP] Embed Pods Frameworks */ = {
			isa = PBXShellScriptBuildPhase;
			buildActionMask = 2147483647;
			files = (
			);
			inputPaths = (
				"${SRCROOT}/Pods/Target Support Files/Pods-EventSearch/Pods-EventSearch-frameworks.sh",
				"${BUILT_PRODUCTS_DIR}/Alamofire/Alamofire.framework",
				"${BUILT_PRODUCTS_DIR}/BrightFutures/BrightFutures.framework",
				"${BUILT_PRODUCTS_DIR}/OHHTTPStubs/OHHTTPStubs.framework",
				"${BUILT_PRODUCTS_DIR}/Result/Result.framework",
			);
			name = "[CP] Embed Pods Frameworks";
			outputPaths = (
				"${TARGET_BUILD_DIR}/${FRAMEWORKS_FOLDER_PATH}/Alamofire.framework",
				"${TARGET_BUILD_DIR}/${FRAMEWORKS_FOLDER_PATH}/BrightFutures.framework",
				"${TARGET_BUILD_DIR}/${FRAMEWORKS_FOLDER_PATH}/OHHTTPStubs.framework",
				"${TARGET_BUILD_DIR}/${FRAMEWORKS_FOLDER_PATH}/Result.framework",
			);
			runOnlyForDeploymentPostprocessing = 0;
			shellPath = /bin/sh;
			shellScript = "\"${SRCROOT}/Pods/Target Support Files/Pods-EventSearch/Pods-EventSearch-frameworks.sh\"\n";
			showEnvVarsInLog = 0;
		};
		DAF132A07B731A8063AE69DB /* [CP] Check Pods Manifest.lock */ = {
			isa = PBXShellScriptBuildPhase;
			buildActionMask = 2147483647;
			files = (
			);
			inputPaths = (
				"${PODS_PODFILE_DIR_PATH}/Podfile.lock",
				"${PODS_ROOT}/Manifest.lock",
			);
			name = "[CP] Check Pods Manifest.lock";
			outputPaths = (
				"$(DERIVED_FILE_DIR)/Pods-EventSearchUITests-checkManifestLockResult.txt",
			);
			runOnlyForDeploymentPostprocessing = 0;
			shellPath = /bin/sh;
			shellScript = "diff \"${PODS_PODFILE_DIR_PATH}/Podfile.lock\" \"${PODS_ROOT}/Manifest.lock\" > /dev/null\nif [ $? != 0 ] ; then\n    # print error to STDERR\n    echo \"error: The sandbox is not in sync with the Podfile.lock. Run 'pod install' or update your CocoaPods installation.\" >&2\n    exit 1\nfi\n# This output is used by Xcode 'outputs' to avoid re-running this script phase.\necho \"SUCCESS\" > \"${SCRIPT_OUTPUT_FILE_0}\"\n";
			showEnvVarsInLog = 0;
		};
		F9B20EE6AD50F8EF61E62DA7 /* [CP] Check Pods Manifest.lock */ = {
			isa = PBXShellScriptBuildPhase;
			buildActionMask = 2147483647;
			files = (
			);
			inputPaths = (
				"${PODS_PODFILE_DIR_PATH}/Podfile.lock",
				"${PODS_ROOT}/Manifest.lock",
			);
			name = "[CP] Check Pods Manifest.lock";
			outputPaths = (
				"$(DERIVED_FILE_DIR)/Pods-EventSearchTests-checkManifestLockResult.txt",
			);
			runOnlyForDeploymentPostprocessing = 0;
			shellPath = /bin/sh;
			shellScript = "diff \"${PODS_PODFILE_DIR_PATH}/Podfile.lock\" \"${PODS_ROOT}/Manifest.lock\" > /dev/null\nif [ $? != 0 ] ; then\n    # print error to STDERR\n    echo \"error: The sandbox is not in sync with the Podfile.lock. Run 'pod install' or update your CocoaPods installation.\" >&2\n    exit 1\nfi\n# This output is used by Xcode 'outputs' to avoid re-running this script phase.\necho \"SUCCESS\" > \"${SCRIPT_OUTPUT_FILE_0}\"\n";
			showEnvVarsInLog = 0;
		};
/* End PBXShellScriptBuildPhase section */

/* Begin PBXSourcesBuildPhase section */
		0A452F3C21766738003107B1 /* Sources */ = {
			isa = PBXSourcesBuildPhase;
			buildActionMask = 2147483647;
			files = (
				0AD937512178D06A0030A10A /* Event.swift in Sources */,
				0AD937552178D07B0030A10A /* Venue.swift in Sources */,
				0A452F762176E7F2003107B1 /* EventViewController.swift in Sources */,
				0A452F7421768CA1003107B1 /* EventTableViewCell.swift in Sources */,
				0A452F4621766739003107B1 /* EventListTableViewController.swift in Sources */,
				0AD9374D21783EAC0030A10A /* Favorites.swift in Sources */,
				0A452F4421766738003107B1 /* AppDelegate.swift in Sources */,
				0AD9374F217845420030A10A /* EventViewModel.swift in Sources */,
				0AD937532178D0750030A10A /* Performer.swift in Sources */,
				0A452F7221766B12003107B1 /* NetworkHandler.swift in Sources */,
			);
			runOnlyForDeploymentPostprocessing = 0;
		};
		0A452F5021766739003107B1 /* Sources */ = {
			isa = PBXSourcesBuildPhase;
			buildActionMask = 2147483647;
			files = (
				0A305C36217A5AB2006C0781 /* PerformerTests.swift in Sources */,
				0A305C38217A5D0F006C0781 /* EventTests.swift in Sources */,
				0A305C34217A53D9006C0781 /* VenueTests.swift in Sources */,
				0A305C3C217A6C0A006C0781 /* NetworkHandlerTests.swift in Sources */,
			);
			runOnlyForDeploymentPostprocessing = 0;
		};
		0A452F5B21766739003107B1 /* Sources */ = {
			isa = PBXSourcesBuildPhase;
			buildActionMask = 2147483647;
			files = (
				0A452F6421766739003107B1 /* EventSearchUITests.swift in Sources */,
			);
			runOnlyForDeploymentPostprocessing = 0;
		};
/* End PBXSourcesBuildPhase section */

/* Begin PBXTargetDependency section */
		0A452F5621766739003107B1 /* PBXTargetDependency */ = {
			isa = PBXTargetDependency;
			target = 0A452F3F21766738003107B1 /* EventSearch */;
			targetProxy = 0A452F5521766739003107B1 /* PBXContainerItemProxy */;
		};
		0A452F6121766739003107B1 /* PBXTargetDependency */ = {
			isa = PBXTargetDependency;
			target = 0A452F3F21766738003107B1 /* EventSearch */;
			targetProxy = 0A452F6021766739003107B1 /* PBXContainerItemProxy */;
		};
/* End PBXTargetDependency section */

/* Begin PBXVariantGroup section */
		0A452F4721766739003107B1 /* Main.storyboard */ = {
			isa = PBXVariantGroup;
			children = (
				0A452F4821766739003107B1 /* Base */,
			);
			name = Main.storyboard;
			sourceTree = "<group>";
		};
		0A452F4C21766739003107B1 /* LaunchScreen.storyboard */ = {
			isa = PBXVariantGroup;
			children = (
				0A452F4D21766739003107B1 /* Base */,
			);
			name = LaunchScreen.storyboard;
			sourceTree = "<group>";
		};
/* End PBXVariantGroup section */

/* Begin XCBuildConfiguration section */
		0A452F6621766739003107B1 /* Debug */ = {
			isa = XCBuildConfiguration;
			buildSettings = {
				ALWAYS_SEARCH_USER_PATHS = NO;
				CLANG_ANALYZER_NONNULL = YES;
				CLANG_ANALYZER_NUMBER_OBJECT_CONVERSION = YES_AGGRESSIVE;
				CLANG_CXX_LANGUAGE_STANDARD = "gnu++14";
				CLANG_CXX_LIBRARY = "libc++";
				CLANG_ENABLE_MODULES = YES;
				CLANG_ENABLE_OBJC_ARC = YES;
				CLANG_ENABLE_OBJC_WEAK = YES;
				CLANG_WARN_BLOCK_CAPTURE_AUTORELEASING = YES;
				CLANG_WARN_BOOL_CONVERSION = YES;
				CLANG_WARN_COMMA = YES;
				CLANG_WARN_CONSTANT_CONVERSION = YES;
				CLANG_WARN_DEPRECATED_OBJC_IMPLEMENTATIONS = YES;
				CLANG_WARN_DIRECT_OBJC_ISA_USAGE = YES_ERROR;
				CLANG_WARN_DOCUMENTATION_COMMENTS = YES;
				CLANG_WARN_EMPTY_BODY = YES;
				CLANG_WARN_ENUM_CONVERSION = YES;
				CLANG_WARN_INFINITE_RECURSION = YES;
				CLANG_WARN_INT_CONVERSION = YES;
				CLANG_WARN_NON_LITERAL_NULL_CONVERSION = YES;
				CLANG_WARN_OBJC_IMPLICIT_RETAIN_SELF = YES;
				CLANG_WARN_OBJC_LITERAL_CONVERSION = YES;
				CLANG_WARN_OBJC_ROOT_CLASS = YES_ERROR;
				CLANG_WARN_RANGE_LOOP_ANALYSIS = YES;
				CLANG_WARN_STRICT_PROTOTYPES = YES;
				CLANG_WARN_SUSPICIOUS_MOVE = YES;
				CLANG_WARN_UNGUARDED_AVAILABILITY = YES_AGGRESSIVE;
				CLANG_WARN_UNREACHABLE_CODE = YES;
				CLANG_WARN__DUPLICATE_METHOD_MATCH = YES;
				CODE_SIGN_IDENTITY = "iPhone Developer";
				COPY_PHASE_STRIP = NO;
				DEBUG_INFORMATION_FORMAT = dwarf;
				ENABLE_STRICT_OBJC_MSGSEND = YES;
				ENABLE_TESTABILITY = YES;
				GCC_C_LANGUAGE_STANDARD = gnu11;
				GCC_DYNAMIC_NO_PIC = NO;
				GCC_NO_COMMON_BLOCKS = YES;
				GCC_OPTIMIZATION_LEVEL = 0;
				GCC_PREPROCESSOR_DEFINITIONS = (
					"DEBUG=1",
					"$(inherited)",
				);
				GCC_WARN_64_TO_32_BIT_CONVERSION = YES;
				GCC_WARN_ABOUT_RETURN_TYPE = YES_ERROR;
				GCC_WARN_UNDECLARED_SELECTOR = YES;
				GCC_WARN_UNINITIALIZED_AUTOS = YES_AGGRESSIVE;
				GCC_WARN_UNUSED_FUNCTION = YES;
				GCC_WARN_UNUSED_VARIABLE = YES;
				IPHONEOS_DEPLOYMENT_TARGET = 11.4;
				MTL_ENABLE_DEBUG_INFO = YES;
				ONLY_ACTIVE_ARCH = YES;
				SDKROOT = iphoneos;
				SWIFT_ACTIVE_COMPILATION_CONDITIONS = DEBUG;
				SWIFT_OPTIMIZATION_LEVEL = "-Onone";
			};
			name = Debug;
		};
		0A452F6721766739003107B1 /* Release */ = {
			isa = XCBuildConfiguration;
			buildSettings = {
				ALWAYS_SEARCH_USER_PATHS = NO;
				CLANG_ANALYZER_NONNULL = YES;
				CLANG_ANALYZER_NUMBER_OBJECT_CONVERSION = YES_AGGRESSIVE;
				CLANG_CXX_LANGUAGE_STANDARD = "gnu++14";
				CLANG_CXX_LIBRARY = "libc++";
				CLANG_ENABLE_MODULES = YES;
				CLANG_ENABLE_OBJC_ARC = YES;
				CLANG_ENABLE_OBJC_WEAK = YES;
				CLANG_WARN_BLOCK_CAPTURE_AUTORELEASING = YES;
				CLANG_WARN_BOOL_CONVERSION = YES;
				CLANG_WARN_COMMA = YES;
				CLANG_WARN_CONSTANT_CONVERSION = YES;
				CLANG_WARN_DEPRECATED_OBJC_IMPLEMENTATIONS = YES;
				CLANG_WARN_DIRECT_OBJC_ISA_USAGE = YES_ERROR;
				CLANG_WARN_DOCUMENTATION_COMMENTS = YES;
				CLANG_WARN_EMPTY_BODY = YES;
				CLANG_WARN_ENUM_CONVERSION = YES;
				CLANG_WARN_INFINITE_RECURSION = YES;
				CLANG_WARN_INT_CONVERSION = YES;
				CLANG_WARN_NON_LITERAL_NULL_CONVERSION = YES;
				CLANG_WARN_OBJC_IMPLICIT_RETAIN_SELF = YES;
				CLANG_WARN_OBJC_LITERAL_CONVERSION = YES;
				CLANG_WARN_OBJC_ROOT_CLASS = YES_ERROR;
				CLANG_WARN_RANGE_LOOP_ANALYSIS = YES;
				CLANG_WARN_STRICT_PROTOTYPES = YES;
				CLANG_WARN_SUSPICIOUS_MOVE = YES;
				CLANG_WARN_UNGUARDED_AVAILABILITY = YES_AGGRESSIVE;
				CLANG_WARN_UNREACHABLE_CODE = YES;
				CLANG_WARN__DUPLICATE_METHOD_MATCH = YES;
				CODE_SIGN_IDENTITY = "iPhone Developer";
				COPY_PHASE_STRIP = NO;
				DEBUG_INFORMATION_FORMAT = "dwarf-with-dsym";
				ENABLE_NS_ASSERTIONS = NO;
				ENABLE_STRICT_OBJC_MSGSEND = YES;
				GCC_C_LANGUAGE_STANDARD = gnu11;
				GCC_NO_COMMON_BLOCKS = YES;
				GCC_WARN_64_TO_32_BIT_CONVERSION = YES;
				GCC_WARN_ABOUT_RETURN_TYPE = YES_ERROR;
				GCC_WARN_UNDECLARED_SELECTOR = YES;
				GCC_WARN_UNINITIALIZED_AUTOS = YES_AGGRESSIVE;
				GCC_WARN_UNUSED_FUNCTION = YES;
				GCC_WARN_UNUSED_VARIABLE = YES;
				IPHONEOS_DEPLOYMENT_TARGET = 11.4;
				MTL_ENABLE_DEBUG_INFO = NO;
				SDKROOT = iphoneos;
				SWIFT_COMPILATION_MODE = wholemodule;
				SWIFT_OPTIMIZATION_LEVEL = "-O";
				VALIDATE_PRODUCT = YES;
			};
			name = Release;
		};
		0A452F6921766739003107B1 /* Debug */ = {
			isa = XCBuildConfiguration;
			baseConfigurationReference = FA9504C926A44C9094D047AD /* Pods-EventSearch.debug.xcconfig */;
			buildSettings = {
				ASSETCATALOG_COMPILER_APPICON_NAME = AppIcon;
				CODE_SIGN_STYLE = Automatic;
				INFOPLIST_FILE = EventSearch/Info.plist;
				LD_RUNPATH_SEARCH_PATHS = (
					"$(inherited)",
					"@executable_path/Frameworks",
				);
				PRODUCT_BUNDLE_IDENTIFIER = kevin.kinney.EventSearch;
				PRODUCT_NAME = "$(TARGET_NAME)";
				SWIFT_VERSION = 4.0;
				TARGETED_DEVICE_FAMILY = "1,2";
			};
			name = Debug;
		};
		0A452F6A21766739003107B1 /* Release */ = {
			isa = XCBuildConfiguration;
			baseConfigurationReference = EC26B9C632D767379BA0B888 /* Pods-EventSearch.release.xcconfig */;
			buildSettings = {
				ASSETCATALOG_COMPILER_APPICON_NAME = AppIcon;
				CODE_SIGN_STYLE = Automatic;
				INFOPLIST_FILE = EventSearch/Info.plist;
				LD_RUNPATH_SEARCH_PATHS = (
					"$(inherited)",
					"@executable_path/Frameworks",
				);
				PRODUCT_BUNDLE_IDENTIFIER = kevin.kinney.EventSearch;
				PRODUCT_NAME = "$(TARGET_NAME)";
				SWIFT_VERSION = 4.0;
				TARGETED_DEVICE_FAMILY = "1,2";
			};
			name = Release;
		};
		0A452F6C21766739003107B1 /* Debug */ = {
			isa = XCBuildConfiguration;
			baseConfigurationReference = 2180D8AF4E615F7990B17D99 /* Pods-EventSearchTests.debug.xcconfig */;
			buildSettings = {
				ALWAYS_EMBED_SWIFT_STANDARD_LIBRARIES = YES;
				BUNDLE_LOADER = "$(TEST_HOST)";
				CODE_SIGN_STYLE = Automatic;
				INFOPLIST_FILE = EventSearchTests/Info.plist;
				LD_RUNPATH_SEARCH_PATHS = (
					"$(inherited)",
					"@executable_path/Frameworks",
					"@loader_path/Frameworks",
				);
				PRODUCT_BUNDLE_IDENTIFIER = kevin.kinney.EventSearchTests;
				PRODUCT_NAME = "$(TARGET_NAME)";
				SWIFT_VERSION = 4.0;
				TARGETED_DEVICE_FAMILY = "1,2";
				TEST_HOST = "$(BUILT_PRODUCTS_DIR)/EventSearch.app/EventSearch";
			};
			name = Debug;
		};
		0A452F6D21766739003107B1 /* Release */ = {
			isa = XCBuildConfiguration;
			baseConfigurationReference = E02077136DA68E95C3DD91DF /* Pods-EventSearchTests.release.xcconfig */;
			buildSettings = {
				ALWAYS_EMBED_SWIFT_STANDARD_LIBRARIES = YES;
				BUNDLE_LOADER = "$(TEST_HOST)";
				CODE_SIGN_STYLE = Automatic;
				INFOPLIST_FILE = EventSearchTests/Info.plist;
				LD_RUNPATH_SEARCH_PATHS = (
					"$(inherited)",
					"@executable_path/Frameworks",
					"@loader_path/Frameworks",
				);
				PRODUCT_BUNDLE_IDENTIFIER = kevin.kinney.EventSearchTests;
				PRODUCT_NAME = "$(TARGET_NAME)";
				SWIFT_VERSION = 4.0;
				TARGETED_DEVICE_FAMILY = "1,2";
				TEST_HOST = "$(BUILT_PRODUCTS_DIR)/EventSearch.app/EventSearch";
			};
			name = Release;
		};
		0A452F6F21766739003107B1 /* Debug */ = {
			isa = XCBuildConfiguration;
			baseConfigurationReference = 19E11AF61943D61892778530 /* Pods-EventSearchUITests.debug.xcconfig */;
			buildSettings = {
				ALWAYS_EMBED_SWIFT_STANDARD_LIBRARIES = YES;
				CODE_SIGN_STYLE = Automatic;
				INFOPLIST_FILE = EventSearchUITests/Info.plist;
				LD_RUNPATH_SEARCH_PATHS = (
					"$(inherited)",
					"@executable_path/Frameworks",
					"@loader_path/Frameworks",
				);
				PRODUCT_BUNDLE_IDENTIFIER = kevin.kinney.EventSearchUITests;
				PRODUCT_NAME = "$(TARGET_NAME)";
				SWIFT_VERSION = 4.0;
				TARGETED_DEVICE_FAMILY = "1,2";
				TEST_TARGET_NAME = EventSearch;
			};
			name = Debug;
		};
		0A452F7021766739003107B1 /* Release */ = {
			isa = XCBuildConfiguration;
			baseConfigurationReference = F9162A8171AE70CD85C1A77C /* Pods-EventSearchUITests.release.xcconfig */;
			buildSettings = {
				ALWAYS_EMBED_SWIFT_STANDARD_LIBRARIES = YES;
				CODE_SIGN_STYLE = Automatic;
				INFOPLIST_FILE = EventSearchUITests/Info.plist;
				LD_RUNPATH_SEARCH_PATHS = (
					"$(inherited)",
					"@executable_path/Frameworks",
					"@loader_path/Frameworks",
				);
				PRODUCT_BUNDLE_IDENTIFIER = kevin.kinney.EventSearchUITests;
				PRODUCT_NAME = "$(TARGET_NAME)";
				SWIFT_VERSION = 4.0;
				TARGETED_DEVICE_FAMILY = "1,2";
				TEST_TARGET_NAME = EventSearch;
			};
			name = Release;
		};
/* End XCBuildConfiguration section */

/* Begin XCConfigurationList section */
		0A452F3B21766738003107B1 /* Build configuration list for PBXProject "EventSearch" */ = {
			isa = XCConfigurationList;
			buildConfigurations = (
				0A452F6621766739003107B1 /* Debug */,
				0A452F6721766739003107B1 /* Release */,
			);
			defaultConfigurationIsVisible = 0;
			defaultConfigurationName = Release;
		};
		0A452F6821766739003107B1 /* Build configuration list for PBXNativeTarget "EventSearch" */ = {
			isa = XCConfigurationList;
			buildConfigurations = (
				0A452F6921766739003107B1 /* Debug */,
				0A452F6A21766739003107B1 /* Release */,
			);
			defaultConfigurationIsVisible = 0;
			defaultConfigurationName = Release;
		};
		0A452F6B21766739003107B1 /* Build configuration list for PBXNativeTarget "EventSearchTests" */ = {
			isa = XCConfigurationList;
			buildConfigurations = (
				0A452F6C21766739003107B1 /* Debug */,
				0A452F6D21766739003107B1 /* Release */,
			);
			defaultConfigurationIsVisible = 0;
			defaultConfigurationName = Release;
		};
		0A452F6E21766739003107B1 /* Build configuration list for PBXNativeTarget "EventSearchUITests" */ = {
			isa = XCConfigurationList;
			buildConfigurations = (
				0A452F6F21766739003107B1 /* Debug */,
				0A452F7021766739003107B1 /* Release */,
			);
			defaultConfigurationIsVisible = 0;
			defaultConfigurationName = Release;
		};
/* End XCConfigurationList section */
	};
	rootObject = 0A452F3821766738003107B1 /* Project object */;
}
